// !$*UTF8*$!
{
	archiveVersion = 1;
	classes = {
	};
	objectVersion = 56;
	objects = {

/* Begin PBXBuildFile section */
		46A7DD752B624E3F00DC00DF /* VideoCell.swift in Sources */ = {isa = PBXBuildFile; fileRef = 46A7DD742B624E3F00DC00DF /* VideoCell.swift */; };
		46A7DD782B6278D300DC00DF /* SnapKit in Frameworks */ = {isa = PBXBuildFile; productRef = 46A7DD772B6278D300DC00DF /* SnapKit */; };
		46C0BD502B61143700BE87A3 /* AppDelegate.swift in Sources */ = {isa = PBXBuildFile; fileRef = 46C0BD4F2B61143700BE87A3 /* AppDelegate.swift */; };
		46C0BD522B61143700BE87A3 /* SceneDelegate.swift in Sources */ = {isa = PBXBuildFile; fileRef = 46C0BD512B61143700BE87A3 /* SceneDelegate.swift */; };
		46C0BD5A2B61143700BE87A3 /* VideoApp.xcdatamodeld in Sources */ = {isa = PBXBuildFile; fileRef = 46C0BD582B61143700BE87A3 /* VideoApp.xcdatamodeld */; };
		46C0BD5C2B61143900BE87A3 /* Assets.xcassets in Resources */ = {isa = PBXBuildFile; fileRef = 46C0BD5B2B61143900BE87A3 /* Assets.xcassets */; };
		46C0BD5F2B61143900BE87A3 /* LaunchScreen.storyboard in Resources */ = {isa = PBXBuildFile; fileRef = 46C0BD5D2B61143900BE87A3 /* LaunchScreen.storyboard */; };
		46C0BD6B2B6114E200BE87A3 /* VideoInfo.swift in Sources */ = {isa = PBXBuildFile; fileRef = 46C0BD6A2B6114E200BE87A3 /* VideoInfo.swift */; };
		46C0BD6D2B6114FF00BE87A3 /* VideoListView.swift in Sources */ = {isa = PBXBuildFile; fileRef = 46C0BD6C2B6114FF00BE87A3 /* VideoListView.swift */; };
		46C0BD6F2B61151100BE87A3 /* VideoDetailView.swift in Sources */ = {isa = PBXBuildFile; fileRef = 46C0BD6E2B61151100BE87A3 /* VideoDetailView.swift */; };
		46C0BD712B61152400BE87A3 /* VideoListViewModel.swift in Sources */ = {isa = PBXBuildFile; fileRef = 46C0BD702B61152400BE87A3 /* VideoListViewModel.swift */; };
		46C0BD732B61153B00BE87A3 /* VideoDetailViewModel.swift in Sources */ = {isa = PBXBuildFile; fileRef = 46C0BD722B61153B00BE87A3 /* VideoDetailViewModel.swift */; };
/* End PBXBuildFile section */

/* Begin PBXFileReference section */
		46A7DD742B624E3F00DC00DF /* VideoCell.swift */ = {isa = PBXFileReference; lastKnownFileType = sourcecode.swift; path = VideoCell.swift; sourceTree = "<group>"; };
		46C0BD4C2B61143700BE87A3 /* VideoApp.app */ = {isa = PBXFileReference; explicitFileType = wrapper.application; includeInIndex = 0; path = VideoApp.app; sourceTree = BUILT_PRODUCTS_DIR; };
		46C0BD4F2B61143700BE87A3 /* AppDelegate.swift */ = {isa = PBXFileReference; lastKnownFileType = sourcecode.swift; path = AppDelegate.swift; sourceTree = "<group>"; };
		46C0BD512B61143700BE87A3 /* SceneDelegate.swift */ = {isa = PBXFileReference; lastKnownFileType = sourcecode.swift; path = SceneDelegate.swift; sourceTree = "<group>"; };
		46C0BD592B61143700BE87A3 /* VideoApp.xcdatamodel */ = {isa = PBXFileReference; lastKnownFileType = wrapper.xcdatamodel; path = VideoApp.xcdatamodel; sourceTree = "<group>"; };
		46C0BD5B2B61143900BE87A3 /* Assets.xcassets */ = {isa = PBXFileReference; lastKnownFileType = folder.assetcatalog; path = Assets.xcassets; sourceTree = "<group>"; };
		46C0BD5E2B61143900BE87A3 /* Base */ = {isa = PBXFileReference; lastKnownFileType = file.storyboard; name = Base; path = Base.lproj/LaunchScreen.storyboard; sourceTree = "<group>"; };
		46C0BD602B61143900BE87A3 /* Info.plist */ = {isa = PBXFileReference; lastKnownFileType = text.plist.xml; path = Info.plist; sourceTree = "<group>"; };
		46C0BD6A2B6114E200BE87A3 /* VideoInfo.swift */ = {isa = PBXFileReference; lastKnownFileType = sourcecode.swift; path = VideoInfo.swift; sourceTree = "<group>"; };
		46C0BD6C2B6114FF00BE87A3 /* VideoListView.swift */ = {isa = PBXFileReference; lastKnownFileType = sourcecode.swift; path = VideoListView.swift; sourceTree = "<group>"; };
		46C0BD6E2B61151100BE87A3 /* VideoDetailView.swift */ = {isa = PBXFileReference; lastKnownFileType = sourcecode.swift; path = VideoDetailView.swift; sourceTree = "<group>"; };
		46C0BD702B61152400BE87A3 /* VideoListViewModel.swift */ = {isa = PBXFileReference; lastKnownFileType = sourcecode.swift; path = VideoListViewModel.swift; sourceTree = "<group>"; };
		46C0BD722B61153B00BE87A3 /* VideoDetailViewModel.swift */ = {isa = PBXFileReference; lastKnownFileType = sourcecode.swift; path = VideoDetailViewModel.swift; sourceTree = "<group>"; };
/* End PBXFileReference section */

/* Begin PBXFrameworksBuildPhase section */
		46C0BD492B61143700BE87A3 /* Frameworks */ = {
			isa = PBXFrameworksBuildPhase;
			buildActionMask = 2147483647;
			files = (
				46A7DD782B6278D300DC00DF /* SnapKit in Frameworks */,
			);
			runOnlyForDeploymentPostprocessing = 0;
		};
/* End PBXFrameworksBuildPhase section */

/* Begin PBXGroup section */
		46C0BD432B61143700BE87A3 = {
			isa = PBXGroup;
			children = (
				46C0BD4E2B61143700BE87A3 /* VideoApp */,
				46C0BD4D2B61143700BE87A3 /* Products */,
			);
			sourceTree = "<group>";
		};
		46C0BD4D2B61143700BE87A3 /* Products */ = {
			isa = PBXGroup;
			children = (
				46C0BD4C2B61143700BE87A3 /* VideoApp.app */,
			);
			name = Products;
			sourceTree = "<group>";
		};
		46C0BD4E2B61143700BE87A3 /* VideoApp */ = {
			isa = PBXGroup;
			children = (
				46C0BD682B61146400BE87A3 /* Model */,
				46C0BD672B61146300BE87A3 /* View */,
				46C0BD662B61145F00BE87A3 /* ViewModel */,
				46C0BD4F2B61143700BE87A3 /* AppDelegate.swift */,
				46C0BD512B61143700BE87A3 /* SceneDelegate.swift */,
				46C0BD5B2B61143900BE87A3 /* Assets.xcassets */,
				46C0BD5D2B61143900BE87A3 /* LaunchScreen.storyboard */,
				46C0BD602B61143900BE87A3 /* Info.plist */,
				46C0BD582B61143700BE87A3 /* VideoApp.xcdatamodeld */,
			);
			path = VideoApp;
			sourceTree = "<group>";
		};
		46C0BD662B61145F00BE87A3 /* ViewModel */ = {
			isa = PBXGroup;
			children = (
				46C0BD702B61152400BE87A3 /* VideoListViewModel.swift */,
				46C0BD722B61153B00BE87A3 /* VideoDetailViewModel.swift */,
			);
			path = ViewModel;
			sourceTree = "<group>";
		};
		46C0BD672B61146300BE87A3 /* View */ = {
			isa = PBXGroup;
			children = (
				46C0BD6C2B6114FF00BE87A3 /* VideoListView.swift */,
				46C0BD6E2B61151100BE87A3 /* VideoDetailView.swift */,
				46A7DD742B624E3F00DC00DF /* VideoCell.swift */,
			);
			path = View;
			sourceTree = "<group>";
		};
		46C0BD682B61146400BE87A3 /* Model */ = {
			isa = PBXGroup;
			children = (
				46C0BD6A2B6114E200BE87A3 /* VideoInfo.swift */,
			);
			path = Model;
			sourceTree = "<group>";
		};
/* End PBXGroup section */

/* Begin PBXNativeTarget section */
		46C0BD4B2B61143700BE87A3 /* VideoApp */ = {
			isa = PBXNativeTarget;
			buildConfigurationList = 46C0BD632B61143900BE87A3 /* Build configuration list for PBXNativeTarget "VideoApp" */;
			buildPhases = (
				46C0BD482B61143700BE87A3 /* Sources */,
				46C0BD492B61143700BE87A3 /* Frameworks */,
				46C0BD4A2B61143700BE87A3 /* Resources */,
			);
			buildRules = (
			);
			dependencies = (
			);
			name = VideoApp;
			packageProductDependencies = (
				46A7DD772B6278D300DC00DF /* SnapKit */,
			);
			productName = VideoApp;
			productReference = 46C0BD4C2B61143700BE87A3 /* VideoApp.app */;
			productType = "com.apple.product-type.application";
		};
/* End PBXNativeTarget section */

/* Begin PBXProject section */
		46C0BD442B61143700BE87A3 /* Project object */ = {
			isa = PBXProject;
			attributes = {
				BuildIndependentTargetsInParallel = 1;
				LastSwiftUpdateCheck = 1500;
				LastUpgradeCheck = 1500;
				TargetAttributes = {
					46C0BD4B2B61143700BE87A3 = {
						CreatedOnToolsVersion = 15.0.1;
					};
				};
			};
			buildConfigurationList = 46C0BD472B61143700BE87A3 /* Build configuration list for PBXProject "VideoApp" */;
			compatibilityVersion = "Xcode 14.0";
			developmentRegion = en;
			hasScannedForEncodings = 0;
			knownRegions = (
				en,
				Base,
			);
			mainGroup = 46C0BD432B61143700BE87A3;
			packageReferences = (
				46A7DD762B6278D300DC00DF /* XCRemoteSwiftPackageReference "SnapKit" */,
			);
			productRefGroup = 46C0BD4D2B61143700BE87A3 /* Products */;
			projectDirPath = "";
			projectRoot = "";
			targets = (
				46C0BD4B2B61143700BE87A3 /* VideoApp */,
			);
		};
/* End PBXProject section */

/* Begin PBXResourcesBuildPhase section */
		46C0BD4A2B61143700BE87A3 /* Resources */ = {
			isa = PBXResourcesBuildPhase;
			buildActionMask = 2147483647;
			files = (
				46C0BD5F2B61143900BE87A3 /* LaunchScreen.storyboard in Resources */,
				46C0BD5C2B61143900BE87A3 /* Assets.xcassets in Resources */,
			);
			runOnlyForDeploymentPostprocessing = 0;
		};
/* End PBXResourcesBuildPhase section */

/* Begin PBXSourcesBuildPhase section */
		46C0BD482B61143700BE87A3 /* Sources */ = {
			isa = PBXSourcesBuildPhase;
			buildActionMask = 2147483647;
			files = (
				46C0BD732B61153B00BE87A3 /* VideoDetailViewModel.swift in Sources */,
				46C0BD6F2B61151100BE87A3 /* VideoDetailView.swift in Sources */,
				46A7DD752B624E3F00DC00DF /* VideoCell.swift in Sources */,
				46C0BD712B61152400BE87A3 /* VideoListViewModel.swift in Sources */,
				46C0BD5A2B61143700BE87A3 /* VideoApp.xcdatamodeld in Sources */,
				46C0BD6D2B6114FF00BE87A3 /* VideoListView.swift in Sources */,
				46C0BD6B2B6114E200BE87A3 /* VideoInfo.swift in Sources */,
				46C0BD502B61143700BE87A3 /* AppDelegate.swift in Sources */,
				46C0BD522B61143700BE87A3 /* SceneDelegate.swift in Sources */,
			);
			runOnlyForDeploymentPostprocessing = 0;
		};
/* End PBXSourcesBuildPhase section */

/* Begin PBXVariantGroup section */
		46C0BD5D2B61143900BE87A3 /* LaunchScreen.storyboard */ = {
			isa = PBXVariantGroup;
			children = (
				46C0BD5E2B61143900BE87A3 /* Base */,
			);
			name = LaunchScreen.storyboard;
			sourceTree = "<group>";
		};
/* End PBXVariantGroup section */

/* Begin XCBuildConfiguration section */
		46C0BD612B61143900BE87A3 /* Debug */ = {
			isa = XCBuildConfiguration;
			buildSettings = {
				ALWAYS_SEARCH_USER_PATHS = NO;
				ASSETCATALOG_COMPILER_GENERATE_SWIFT_ASSET_SYMBOL_EXTENSIONS = YES;
				CLANG_ANALYZER_NONNULL = YES;
				CLANG_ANALYZER_NUMBER_OBJECT_CONVERSION = YES_AGGRESSIVE;
				CLANG_CXX_LANGUAGE_STANDARD = "gnu++20";
				CLANG_ENABLE_MODULES = YES;
				CLANG_ENABLE_OBJC_ARC = YES;
				CLANG_ENABLE_OBJC_WEAK = YES;
				CLANG_WARN_BLOCK_CAPTURE_AUTORELEASING = YES;
				CLANG_WARN_BOOL_CONVERSION = YES;
				CLANG_WARN_COMMA = YES;
				CLANG_WARN_CONSTANT_CONVERSION = YES;
				CLANG_WARN_DEPRECATED_OBJC_IMPLEMENTATIONS = YES;
				CLANG_WARN_DIRECT_OBJC_ISA_USAGE = YES_ERROR;
				CLANG_WARN_DOCUMENTATION_COMMENTS = YES;
				CLANG_WARN_EMPTY_BODY = YES;
				CLANG_WARN_ENUM_CONVERSION = YES;
				CLANG_WARN_INFINITE_RECURSION = YES;
				CLANG_WARN_INT_CONVERSION = YES;
				CLANG_WARN_NON_LITERAL_NULL_CONVERSION = YES;
				CLANG_WARN_OBJC_IMPLICIT_RETAIN_SELF = YES;
				CLANG_WARN_OBJC_LITERAL_CONVERSION = YES;
				CLANG_WARN_OBJC_ROOT_CLASS = YES_ERROR;
				CLANG_WARN_QUOTED_INCLUDE_IN_FRAMEWORK_HEADER = YES;
				CLANG_WARN_RANGE_LOOP_ANALYSIS = YES;
				CLANG_WARN_STRICT_PROTOTYPES = YES;
				CLANG_WARN_SUSPICIOUS_MOVE = YES;
				CLANG_WARN_UNGUARDED_AVAILABILITY = YES_AGGRESSIVE;
				CLANG_WARN_UNREACHABLE_CODE = YES;
				CLANG_WARN__DUPLICATE_METHOD_MATCH = YES;
				COPY_PHASE_STRIP = NO;
				DEBUG_INFORMATION_FORMAT = dwarf;
				ENABLE_STRICT_OBJC_MSGSEND = YES;
				ENABLE_TESTABILITY = YES;
				ENABLE_USER_SCRIPT_SANDBOXING = YES;
				GCC_C_LANGUAGE_STANDARD = gnu17;
				GCC_DYNAMIC_NO_PIC = NO;
				GCC_NO_COMMON_BLOCKS = YES;
				GCC_OPTIMIZATION_LEVEL = 0;
				GCC_PREPROCESSOR_DEFINITIONS = (
					"DEBUG=1",
					"$(inherited)",
				);
				GCC_WARN_64_TO_32_BIT_CONVERSION = YES;
				GCC_WARN_ABOUT_RETURN_TYPE = YES_ERROR;
				GCC_WARN_UNDECLARED_SELECTOR = YES;
				GCC_WARN_UNINITIALIZED_AUTOS = YES_AGGRESSIVE;
				GCC_WARN_UNUSED_FUNCTION = YES;
				GCC_WARN_UNUSED_VARIABLE = YES;
				IPHONEOS_DEPLOYMENT_TARGET = 17.0;
				LOCALIZATION_PREFERS_STRING_CATALOGS = YES;
				MTL_ENABLE_DEBUG_INFO = INCLUDE_SOURCE;
				MTL_FAST_MATH = YES;
				ONLY_ACTIVE_ARCH = YES;
				SDKROOT = iphoneos;
				SWIFT_ACTIVE_COMPILATION_CONDITIONS = "DEBUG $(inherited)";
				SWIFT_OPTIMIZATION_LEVEL = "-Onone";
			};
			name = Debug;
		};
		46C0BD622B61143900BE87A3 /* Release */ = {
			isa = XCBuildConfiguration;
			buildSettings = {
				ALWAYS_SEARCH_USER_PATHS = NO;
				ASSETCATALOG_COMPILER_GENERATE_SWIFT_ASSET_SYMBOL_EXTENSIONS = YES;
				CLANG_ANALYZER_NONNULL = YES;
				CLANG_ANALYZER_NUMBER_OBJECT_CONVERSION = YES_AGGRESSIVE;
				CLANG_CXX_LANGUAGE_STANDARD = "gnu++20";
				CLANG_ENABLE_MODULES = YES;
				CLANG_ENABLE_OBJC_ARC = YES;
				CLANG_ENABLE_OBJC_WEAK = YES;
				CLANG_WARN_BLOCK_CAPTURE_AUTORELEASING = YES;
				CLANG_WARN_BOOL_CONVERSION = YES;
				CLANG_WARN_COMMA = YES;
				CLANG_WARN_CONSTANT_CONVERSION = YES;
				CLANG_WARN_DEPRECATED_OBJC_IMPLEMENTATIONS = YES;
				CLANG_WARN_DIRECT_OBJC_ISA_USAGE = YES_ERROR;
				CLANG_WARN_DOCUMENTATION_COMMENTS = YES;
				CLANG_WARN_EMPTY_BODY = YES;
				CLANG_WARN_ENUM_CONVERSION = YES;
				CLANG_WARN_INFINITE_RECURSION = YES;
				CLANG_WARN_INT_CONVERSION = YES;
				CLANG_WARN_NON_LITERAL_NULL_CONVERSION = YES;
				CLANG_WARN_OBJC_IMPLICIT_RETAIN_SELF = YES;
				CLANG_WARN_OBJC_LITERAL_CONVERSION = YES;
				CLANG_WARN_OBJC_ROOT_CLASS = YES_ERROR;
				CLANG_WARN_QUOTED_INCLUDE_IN_FRAMEWORK_HEADER = YES;
				CLANG_WARN_RANGE_LOOP_ANALYSIS = YES;
				CLANG_WARN_STRICT_PROTOTYPES = YES;
				CLANG_WARN_SUSPICIOUS_MOVE = YES;
				CLANG_WARN_UNGUARDED_AVAILABILITY = YES_AGGRESSIVE;
				CLANG_WARN_UNREACHABLE_CODE = YES;
				CLANG_WARN__DUPLICATE_METHOD_MATCH = YES;
				COPY_PHASE_STRIP = NO;
				DEBUG_INFORMATION_FORMAT = "dwarf-with-dsym";
				ENABLE_NS_ASSERTIONS = NO;
				ENABLE_STRICT_OBJC_MSGSEND = YES;
				ENABLE_USER_SCRIPT_SANDBOXING = YES;
				GCC_C_LANGUAGE_STANDARD = gnu17;
				GCC_NO_COMMON_BLOCKS = YES;
				GCC_WARN_64_TO_32_BIT_CONVERSION = YES;
				GCC_WARN_ABOUT_RETURN_TYPE = YES_ERROR;
				GCC_WARN_UNDECLARED_SELECTOR = YES;
				GCC_WARN_UNINITIALIZED_AUTOS = YES_AGGRESSIVE;
				GCC_WARN_UNUSED_FUNCTION = YES;
				GCC_WARN_UNUSED_VARIABLE = YES;
				IPHONEOS_DEPLOYMENT_TARGET = 17.0;
				LOCALIZATION_PREFERS_STRING_CATALOGS = YES;
				MTL_ENABLE_DEBUG_INFO = NO;
				MTL_FAST_MATH = YES;
				SDKROOT = iphoneos;
				SWIFT_COMPILATION_MODE = wholemodule;
				VALIDATE_PRODUCT = YES;
			};
			name = Release;
		};
		46C0BD642B61143900BE87A3 /* Debug */ = {
			isa = XCBuildConfiguration;
			buildSettings = {
				ASSETCATALOG_COMPILER_APPICON_NAME = AppIcon;
				ASSETCATALOG_COMPILER_GLOBAL_ACCENT_COLOR_NAME = AccentColor;
				CODE_SIGN_STYLE = Automatic;
				CURRENT_PROJECT_VERSION = 1;
				GENERATE_INFOPLIST_FILE = YES;
				INFOPLIST_FILE = VideoApp/Info.plist;
				INFOPLIST_KEY_UIApplicationSupportsIndirectInputEvents = YES;
				INFOPLIST_KEY_UILaunchStoryboardName = LaunchScreen;
				INFOPLIST_KEY_UIMainStoryboardFile = "";
				INFOPLIST_KEY_UISupportedInterfaceOrientations_iPad = "UIInterfaceOrientationPortrait UIInterfaceOrientationPortraitUpsideDown UIInterfaceOrientationLandscapeLeft UIInterfaceOrientationLandscapeRight";
				INFOPLIST_KEY_UISupportedInterfaceOrientations_iPhone = "UIInterfaceOrientationPortrait UIInterfaceOrientationLandscapeLeft UIInterfaceOrientationLandscapeRight";
				LD_RUNPATH_SEARCH_PATHS = (
					"$(inherited)",
					"@executable_path/Frameworks",
				);
				MARKETING_VERSION = 1.0;
				PRODUCT_BUNDLE_IDENTIFIER = com.yeongh.VideoApp;
				PRODUCT_NAME = "$(TARGET_NAME)";
				SWIFT_EMIT_LOC_STRINGS = YES;
				SWIFT_VERSION = 5.0;
				TARGETED_DEVICE_FAMILY = "1,2";
			};
			name = Debug;
		};
		46C0BD652B61143900BE87A3 /* Release */ = {
			isa = XCBuildConfiguration;
			buildSettings = {
				ASSETCATALOG_COMPILER_APPICON_NAME = AppIcon;
				ASSETCATALOG_COMPILER_GLOBAL_ACCENT_COLOR_NAME = AccentColor;
				CODE_SIGN_STYLE = Automatic;
				CURRENT_PROJECT_VERSION = 1;
				GENERATE_INFOPLIST_FILE = YES;
				INFOPLIST_FILE = VideoApp/Info.plist;
				INFOPLIST_KEY_UIApplicationSupportsIndirectInputEvents = YES;
				INFOPLIST_KEY_UILaunchStoryboardName = LaunchScreen;
				INFOPLIST_KEY_UIMainStoryboardFile = "";
				INFOPLIST_KEY_UISupportedInterfaceOrientations_iPad = "UIInterfaceOrientationPortrait UIInterfaceOrientationPortraitUpsideDown UIInterfaceOrientationLandscapeLeft UIInterfaceOrientationLandscapeRight";
				INFOPLIST_KEY_UISupportedInterfaceOrientations_iPhone = "UIInterfaceOrientationPortrait UIInterfaceOrientationLandscapeLeft UIInterfaceOrientationLandscapeRight";
				LD_RUNPATH_SEARCH_PATHS = (
					"$(inherited)",
					"@executable_path/Frameworks",
				);
				MARKETING_VERSION = 1.0;
				PRODUCT_BUNDLE_IDENTIFIER = com.yeongh.VideoApp;
				PRODUCT_NAME = "$(TARGET_NAME)";
				SWIFT_EMIT_LOC_STRINGS = YES;
				SWIFT_VERSION = 5.0;
				TARGETED_DEVICE_FAMILY = "1,2";
			};
			name = Release;
		};
/* End XCBuildConfiguration section */

/* Begin XCConfigurationList section */
		46C0BD472B61143700BE87A3 /* Build configuration list for PBXProject "VideoApp" */ = {
			isa = XCConfigurationList;
			buildConfigurations = (
				46C0BD612B61143900BE87A3 /* Debug */,
				46C0BD622B61143900BE87A3 /* Release */,
			);
			defaultConfigurationIsVisible = 0;
			defaultConfigurationName = Release;
		};
		46C0BD632B61143900BE87A3 /* Build configuration list for PBXNativeTarget "VideoApp" */ = {
			isa = XCConfigurationList;
			buildConfigurations = (
				46C0BD642B61143900BE87A3 /* Debug */,
				46C0BD652B61143900BE87A3 /* Release */,
			);
			defaultConfigurationIsVisible = 0;
			defaultConfigurationName = Release;
		};
/* End XCConfigurationList section */

/* Begin XCRemoteSwiftPackageReference section */
		46A7DD762B6278D300DC00DF /* XCRemoteSwiftPackageReference "SnapKit" */ = {
			isa = XCRemoteSwiftPackageReference;
			repositoryURL = "https://github.com/SnapKit/SnapKit";
			requirement = {
				kind = upToNextMajorVersion;
				minimumVersion = 5.7.0;
			};
		};
/* End XCRemoteSwiftPackageReference section */

/* Begin XCSwiftPackageProductDependency section */
		46A7DD772B6278D300DC00DF /* SnapKit */ = {
			isa = XCSwiftPackageProductDependency;
			package = 46A7DD762B6278D300DC00DF /* XCRemoteSwiftPackageReference "SnapKit" */;
			productName = SnapKit;
		};
/* End XCSwiftPackageProductDependency section */

/* Begin XCVersionGroup section */
		46C0BD582B61143700BE87A3 /* VideoApp.xcdatamodeld */ = {
			isa = XCVersionGroup;
			children = (
				46C0BD592B61143700BE87A3 /* VideoApp.xcdatamodel */,
			);
			currentVersion = 46C0BD592B61143700BE87A3 /* VideoApp.xcdatamodel */;
			path = VideoApp.xcdatamodeld;
			sourceTree = "<group>";
			versionGroupType = wrapper.xcdatamodel;
		};
/* End XCVersionGroup section */
	};
	rootObject = 46C0BD442B61143700BE87A3 /* Project object */;
}
